{
  "object": {
    "pins": [
      {
        "package": "SocketIO",
        "repositoryURL": "https://github.com/socketio/socket.io-client-swift",
        "state": {
          "branch": null,
          "revision": "175da8b5156f6b132436f0676cc84c2f6a766b6e",
          "version": "16.1.0"
        }
      },
      {
        "package": "Starscream",
        "repositoryURL": "https://github.com/daltoniam/Starscream",
        "state": {
          "branch": null,
          "revision": "ac6c0fc9da221873e01bd1a0d4818498a71eef33",
          "version": "4.0.6"
        }
      }
    ]
  },
  "version": 1
}
