// !$*UTF8*$!
{
	archiveVersion = 1;
	classes = {
	};
	objectVersion = 51;
	objects = {

/* Begin PBXBuildFile section */
		5A2A784D21E6104F00EC8007 /* IDataStore.swift in Sources */ = {isa = PBXBuildFile; fileRef = 5A2A784C21E6104F00EC8007 /* IDataStore.swift */; };
		5A2A784F21E610D700EC8007 /* MapDrivenDataStore.swift in Sources */ = {isa = PBXBuildFile; fileRef = 5A2A784E21E610D700EC8007 /* MapDrivenDataStore.swift */; };
		5A2A785121E6114800EC8007 /* PersistenceService.swift in Sources */ = {isa = PBXBuildFile; fileRef = 5A2A785021E6114800EC8007 /* PersistenceService.swift */; };
		5A2A785321E61D1700EC8007 /* DataStoreFactory.swift in Sources */ = {isa = PBXBuildFile; fileRef = 5A2A785221E61D1700EC8007 /* DataStoreFactory.swift */; };
		5AA2969A2237C19D007104C7 /* JSONUtils.swift in Sources */ = {isa = PBXBuildFile; fileRef = 5AA296992237C19D007104C7 /* JSONUtils.swift */; };
		5AB44C62222E88C600ED9D36 /* MessageStatus.swift in Sources */ = {isa = PBXBuildFile; fileRef = 5AB44C61222E88C600ED9D36 /* MessageStatus.swift */; };
		5AC54CA621E7373400EC1F8C /* PersistenceServiceUtils.swift in Sources */ = {isa = PBXBuildFile; fileRef = 5AC54CA521E7373400EC1F8C /* PersistenceServiceUtils.swift */; };
		5AFE8E5E21E8D7410003477B /* PersistenceServiceTests.swift in Sources */ = {isa = PBXBuildFile; fileRef = 5AFE8E5D21E8D7410003477B /* PersistenceServiceTests.swift */; };
		5AFE8E6221E8E2620003477B /* MapDrivenDataStoreTests.swift in Sources */ = {isa = PBXBuildFile; fileRef = 5AFE8E6121E8E2620003477B /* MapDrivenDataStoreTests.swift */; };
		5AFE8E6421E8E3430003477B /* TestsConfig.swift in Sources */ = {isa = PBXBuildFile; fileRef = 5AFE8E6321E8E3430003477B /* TestsConfig.swift */; };
		5AFE8E6621E8E5C00003477B /* DataStoreFactoryTests.swift in Sources */ = {isa = PBXBuildFile; fileRef = 5AFE8E6521E8E5C00003477B /* DataStoreFactoryTests.swift */; };
		5E03A3BA222916A2005A538D /* Channel.swift in Sources */ = {isa = PBXBuildFile; fileRef = 5E03A3B9222916A2005A538D /* Channel.swift */; };
		5E03A3BD22291882005A538D /* RTMessaging.swift in Sources */ = {isa = PBXBuildFile; fileRef = 5E03A3BC22291882005A538D /* RTMessaging.swift */; };
		5E03A3BF22291C74005A538D /* MessagingService.swift in Sources */ = {isa = PBXBuildFile; fileRef = 5E03A3BE22291C74005A538D /* MessagingService.swift */; };
		5E03A3C122294A4B005A538D /* PublishMessageInfo.swift in Sources */ = {isa = PBXBuildFile; fileRef = 5E03A3C022294A4B005A538D /* PublishMessageInfo.swift */; };
		5E03A3C322296D03005A538D /* CommandObject.swift in Sources */ = {isa = PBXBuildFile; fileRef = 5E03A3C222296D03005A538D /* CommandObject.swift */; };
		5E03A3C52229711F005A538D /* UserStatus.swift in Sources */ = {isa = PBXBuildFile; fileRef = 5E03A3C42229711F005A538D /* UserStatus.swift */; };
		5E11113721B532450044CAED /* UserProperty.swift in Sources */ = {isa = PBXBuildFile; fileRef = 5E11113621B532450044CAED /* UserProperty.swift */; };
		5E11113C21B542BA0044CAED /* UserServiceTests.swift in Sources */ = {isa = PBXBuildFile; fileRef = 5E11113B21B542BA0044CAED /* UserServiceTests.swift */; };
		5E13C3A622046F7C00EA3050 /* JSON.swift in Sources */ = {isa = PBXBuildFile; fileRef = 5E13C3A522046F7C00EA3050 /* JSON.swift */; };
		5E15A06C223B9C9D0090F5A3 /* RTMessagingTests.swift in Sources */ = {isa = PBXBuildFile; fileRef = 5E15A06B223B9C9D0090F5A3 /* RTMessagingTests.swift */; };
		5E341B7C21F5E11A00C32598 /* ObjectProperty.swift in Sources */ = {isa = PBXBuildFile; fileRef = 5E341B7B21F5E11A00C32598 /* ObjectProperty.swift */; };
		5E3706F722037C8E00E08C50 /* TestClass.swift in Sources */ = {isa = PBXBuildFile; fileRef = 5AFE8E5F21E8E2150003477B /* TestClass.swift */; };
		5E3706F922037C9100E08C50 /* TestClassForMappings.swift in Sources */ = {isa = PBXBuildFile; fileRef = 5E96E1AC21F8408800F34C11 /* TestClassForMappings.swift */; };
		5E3706FD22037CC800E08C50 /* ChildTestClass.swift in Sources */ = {isa = PBXBuildFile; fileRef = 5E5FE02821F7359700387F8B /* ChildTestClass.swift */; };
		5E44C0502223EC4A00B391E7 /* RTServiceTests.swift in Sources */ = {isa = PBXBuildFile; fileRef = 5E44C04F2223EC4A00B391E7 /* RTServiceTests.swift */; };
		5E467F822201E20700E70772 /* DataPermission.swift in Sources */ = {isa = PBXBuildFile; fileRef = 5E467F812201E20700E70772 /* DataPermission.swift */; };
		5E4DE64321EF8E92009AE503 /* Mappings.swift in Sources */ = {isa = PBXBuildFile; fileRef = 5E4DE64221EF8E92009AE503 /* Mappings.swift */; };
		5E4E305E22439B9700B479C8 /* DeviceRegistration.swift in Sources */ = {isa = PBXBuildFile; fileRef = 5E4E305D22439B9700B479C8 /* DeviceRegistration.swift */; };
		5E4E309C2243B85C00B479C8 /* DeviceHelper.swift in Sources */ = {isa = PBXBuildFile; fileRef = 5E4E309B2243B85C00B479C8 /* DeviceHelper.swift */; };
		5E4E31152243C39200B479C8 /* DataTypesUtils.swift in Sources */ = {isa = PBXBuildFile; fileRef = 5E4E31142243C39200B479C8 /* DataTypesUtils.swift */; };
		5E545EEC21DFB87A00881ED0 /* GeoServiceTests.swift in Sources */ = {isa = PBXBuildFile; fileRef = 5E545EEB21DFB87A00881ED0 /* GeoServiceTests.swift */; };
		5E545EEE21DFBA4400881ED0 /* GeoPointTests.swift in Sources */ = {isa = PBXBuildFile; fileRef = 5E545EED21DFBA4400881ED0 /* GeoPointTests.swift */; };
		5E5716E82242803A00C7B048 /* SharedObjectTests.swift in Sources */ = {isa = PBXBuildFile; fileRef = 5E5716E72242803A00C7B048 /* SharedObjectTests.swift */; };
		5E572D4B21B8043E000713B0 /* ProcessResponse.swift in Sources */ = {isa = PBXBuildFile; fileRef = 5E572D4A21B8043E000713B0 /* ProcessResponse.swift */; };
		5E60834B21EF721900268B4D /* DictionaryExtension.swift in Sources */ = {isa = PBXBuildFile; fileRef = 5E60834A21EF721900268B4D /* DictionaryExtension.swift */; };
		5E64F0BF21C50D8E00590B04 /* BackendlessRequestManager.swift in Sources */ = {isa = PBXBuildFile; fileRef = 5E64F0BE21C50D8E00590B04 /* BackendlessRequestManager.swift */; };
		5E6C1E452203362700903B7A /* ReturnedResponse.swift in Sources */ = {isa = PBXBuildFile; fileRef = 5E6C1E442203362700903B7A /* ReturnedResponse.swift */; };
		5E722B5E21BE9DE800AA9A8F /* DataTypeEnum.swift in Sources */ = {isa = PBXBuildFile; fileRef = 5E722B5D21BE9DE800AA9A8F /* DataTypeEnum.swift */; };
		5E72EABD21F6EB89006C8C5C /* DataQueryBuilder.swift in Sources */ = {isa = PBXBuildFile; fileRef = 5E72EABC21F6EB89006C8C5C /* DataQueryBuilder.swift */; };
		5E7534662220578600BC31D4 /* EventHanderForMapTests.swift in Sources */ = {isa = PBXBuildFile; fileRef = 5E7534652220578600BC31D4 /* EventHanderForMapTests.swift */; };
		5E7534682220579100BC31D4 /* EventHandlerForClassTests.swift in Sources */ = {isa = PBXBuildFile; fileRef = 5E7534672220579100BC31D4 /* EventHandlerForClassTests.swift */; };
		5E7722DD2236D91E00E7B346 /* RTTypes.swift in Sources */ = {isa = PBXBuildFile; fileRef = 5E7722DC2236D91E00E7B346 /* RTTypes.swift */; };
		5E7E8A6021ECC94A00AA04E1 /* UserDefaultsHelper.swift in Sources */ = {isa = PBXBuildFile; fileRef = 5E7E8A5F21ECC94A00AA04E1 /* UserDefaultsHelper.swift */; };
		5E81B28D2236A8300015AEDC /* RTMethod.swift in Sources */ = {isa = PBXBuildFile; fileRef = 5E81B28C2236A8300015AEDC /* RTMethod.swift */; };
		5E84136321B5265200869794 /* UserService.swift in Sources */ = {isa = PBXBuildFile; fileRef = 5E84136221B5265200869794 /* UserService.swift */; };
		5E84E87A223158EA008B3F05 /* PublishingAPITests.swift in Sources */ = {isa = PBXBuildFile; fileRef = 5E84E879223158EA008B3F05 /* PublishingAPITests.swift */; };
		5E84E87C22315E12008B3F05 /* EmailBodyparts.swift in Sources */ = {isa = PBXBuildFile; fileRef = 5E84E87B22315E12008B3F05 /* EmailBodyparts.swift */; };
		5E90721121B66E9E00619C0D /* Fault.swift in Sources */ = {isa = PBXBuildFile; fileRef = 5E90721021B66E9E00619C0D /* Fault.swift */; };
		5E9718FD221BFE3D00857603 /* RTFactory.swift in Sources */ = {isa = PBXBuildFile; fileRef = 5E9718FC221BFE3D00857603 /* RTFactory.swift */; };
		5E97190E221C276600857603 /* IEventHandler.swift in Sources */ = {isa = PBXBuildFile; fileRef = 5E97190D221C276600857603 /* IEventHandler.swift */; };
		5E971910221C27BB00857603 /* EventHandlerForClass.swift in Sources */ = {isa = PBXBuildFile; fileRef = 5E97190F221C27BB00857603 /* EventHandlerForClass.swift */; };
		5E971912221C27CB00857603 /* EventHandlerForMap.swift in Sources */ = {isa = PBXBuildFile; fileRef = 5E971911221C27CB00857603 /* EventHandlerForMap.swift */; };
		5E971914221C296A00857603 /* RTService.swift in Sources */ = {isa = PBXBuildFile; fileRef = 5E971913221C296A00857603 /* RTService.swift */; };
		5E971916221C2A8700857603 /* RTClient.swift in Sources */ = {isa = PBXBuildFile; fileRef = 5E971915221C2A8700857603 /* RTClient.swift */; };
		5E971918221C2CC400857603 /* RTSubscription.swift in Sources */ = {isa = PBXBuildFile; fileRef = 5E971917221C2CC400857603 /* RTSubscription.swift */; };
		5E97191A221C369A00857603 /* RTMethodRequest.swift in Sources */ = {isa = PBXBuildFile; fileRef = 5E971919221C369A00857603 /* RTMethodRequest.swift */; };
		5E9C573221AEEA0400877870 /* SwiftSDK.framework in Frameworks */ = {isa = PBXBuildFile; fileRef = 5E9C572821AEEA0400877870 /* SwiftSDK.framework */; };
		5E9C573921AEEA0400877870 /* SwiftSDK.h in Headers */ = {isa = PBXBuildFile; fileRef = 5E9C572B21AEEA0400877870 /* SwiftSDK.h */; settings = {ATTRIBUTES = (Public, ); }; };
		5EA2B69B21F2324B00CFDC37 /* StoredObjects.swift in Sources */ = {isa = PBXBuildFile; fileRef = 5EA2B69A21F2324B00CFDC37 /* StoredObjects.swift */; };
		5EA5D2C4223BCE8F0027EA49 /* SharedObject.swift in Sources */ = {isa = PBXBuildFile; fileRef = 5EA5D2C3223BCE8F0027EA49 /* SharedObject.swift */; };
		5EA5D2C6223BE2AC0027EA49 /* RTSharedObject.swift in Sources */ = {isa = PBXBuildFile; fileRef = 5EA5D2C5223BE2AC0027EA49 /* RTSharedObject.swift */; };
		5EA5D2C8223BE5F90027EA49 /* InvokeObject.swift in Sources */ = {isa = PBXBuildFile; fileRef = 5EA5D2C7223BE5F90027EA49 /* InvokeObject.swift */; };
		5EA5D2CA223BE6440027EA49 /* SharedObjectChanges.swift in Sources */ = {isa = PBXBuildFile; fileRef = 5EA5D2C9223BE6440027EA49 /* SharedObjectChanges.swift */; };
		5EA87B75221D4A3100A8B93F /* ReconnectAttemptObject.swift in Sources */ = {isa = PBXBuildFile; fileRef = 5EA87B74221D4A3100A8B93F /* ReconnectAttemptObject.swift */; };
		5EA87B95221D720100A8B93F /* RTListener.swift in Sources */ = {isa = PBXBuildFile; fileRef = 5EA87B94221D720100A8B93F /* RTListener.swift */; };
		5EB28E1921B1799A0007AC30 /* Backendless.swift in Sources */ = {isa = PBXBuildFile; fileRef = 5EB28E1821B1799A0007AC30 /* Backendless.swift */; };
		5EB28E2021B1833A0007AC30 /* BackendlessTests.swift in Sources */ = {isa = PBXBuildFile; fileRef = 5EB28E1F21B1833A0007AC30 /* BackendlessTests.swift */; };
		5EC7D161222FB56700FD3FF4 /* PublishOptions.swift in Sources */ = {isa = PBXBuildFile; fileRef = 5EC7D160222FB56700FD3FF4 /* PublishOptions.swift */; };
		5EC7D163222FB86100FD3FF4 /* DeliveryOptions.swift in Sources */ = {isa = PBXBuildFile; fileRef = 5EC7D162222FB86100FD3FF4 /* DeliveryOptions.swift */; };
		5EC7D16A222FDBCE00FD3FF4 /* SubscriptionAPITests.swift in Sources */ = {isa = PBXBuildFile; fileRef = 5EC7D169222FDBCE00FD3FF4 /* SubscriptionAPITests.swift */; };
		5ECD9C7E21DE57DA002CBB7D /* GeoPoint.swift in Sources */ = {isa = PBXBuildFile; fileRef = 5ECD9C7D21DE57DA002CBB7D /* GeoPoint.swift */; };
		5ECD9C8021DE57E7002CBB7D /* GeoService.swift in Sources */ = {isa = PBXBuildFile; fileRef = 5ECD9C7F21DE57E7002CBB7D /* GeoService.swift */; };
		5ED51D0D22456E8600D22F11 /* BackendlessPushHelper.swift in Sources */ = {isa = PBXBuildFile; fileRef = 5ED51D0C22456E8600D22F11 /* BackendlessPushHelper.swift */; };
		5ED765D02224369E009431CD /* BulkEvent.swift in Sources */ = {isa = PBXBuildFile; fileRef = 5ED765CF2224369E009431CD /* BulkEvent.swift */; };
		5EE063BF22017EAA00B862EA /* LoadRelationsQueryBuilder.swift in Sources */ = {isa = PBXBuildFile; fileRef = 5EE063BE22017EAA00B862EA /* LoadRelationsQueryBuilder.swift */; };
		5EE2B40721C25EC600F90723 /* BackendlessUserTests.swift in Sources */ = {isa = PBXBuildFile; fileRef = 5EE2B40621C25EC600F90723 /* BackendlessUserTests.swift */; };
		5EE6920121B67791002E72A9 /* FaultTests.swift in Sources */ = {isa = PBXBuildFile; fileRef = 5EE6920021B67791002E72A9 /* FaultTests.swift */; };
		5EFB60E922422F93004DFA2C /* UserInfo.swift in Sources */ = {isa = PBXBuildFile; fileRef = 5EFB60E822422F93004DFA2C /* UserInfo.swift */; };
		5EFBA8FE21C1011E007B3BB0 /* BackendlessUser.swift in Sources */ = {isa = PBXBuildFile; fileRef = 5EFBA8FD21C1011E007B3BB0 /* BackendlessUser.swift */; };
		6AA95CD0F22ACB1CFFE37402 /* Pods_SwiftSDKTests.framework in Frameworks */ = {isa = PBXBuildFile; fileRef = 3516024AF117B55B0390A0E3 /* Pods_SwiftSDKTests.framework */; };
		B264877612834E6EDC429235 /* Pods_SwiftSDK.framework in Frameworks */ = {isa = PBXBuildFile; fileRef = 5E498E2D8F87FE5F1EDC7604 /* Pods_SwiftSDK.framework */; };
/* End PBXBuildFile section */

/* Begin PBXContainerItemProxy section */
		5E9C573321AEEA0400877870 /* PBXContainerItemProxy */ = {
			isa = PBXContainerItemProxy;
			containerPortal = 5EAA649B21AEDBEA006019EF /* Project object */;
			proxyType = 1;
			remoteGlobalIDString = 5E9C572721AEEA0400877870;
			remoteInfo = "SwiftSDK-iOS";
		};
/* End PBXContainerItemProxy section */

/* Begin PBXFileReference section */
		3516024AF117B55B0390A0E3 /* Pods_SwiftSDKTests.framework */ = {isa = PBXFileReference; explicitFileType = wrapper.framework; includeInIndex = 0; path = Pods_SwiftSDKTests.framework; sourceTree = BUILT_PRODUCTS_DIR; };
		36AF0F69202A7AD9BDBD5F46 /* Pods-SwiftSDK.debug.xcconfig */ = {isa = PBXFileReference; includeInIndex = 1; lastKnownFileType = text.xcconfig; name = "Pods-SwiftSDK.debug.xcconfig"; path = "Target Support Files/Pods-SwiftSDK/Pods-SwiftSDK.debug.xcconfig"; sourceTree = "<group>"; };
		5A2A784C21E6104F00EC8007 /* IDataStore.swift */ = {isa = PBXFileReference; lastKnownFileType = sourcecode.swift; path = IDataStore.swift; sourceTree = "<group>"; };
		5A2A784E21E610D700EC8007 /* MapDrivenDataStore.swift */ = {isa = PBXFileReference; lastKnownFileType = sourcecode.swift; path = MapDrivenDataStore.swift; sourceTree = "<group>"; };
		5A2A785021E6114800EC8007 /* PersistenceService.swift */ = {isa = PBXFileReference; lastKnownFileType = sourcecode.swift; path = PersistenceService.swift; sourceTree = "<group>"; };
		5A2A785221E61D1700EC8007 /* DataStoreFactory.swift */ = {isa = PBXFileReference; lastKnownFileType = sourcecode.swift; path = DataStoreFactory.swift; sourceTree = "<group>"; };
		5AA296992237C19D007104C7 /* JSONUtils.swift */ = {isa = PBXFileReference; lastKnownFileType = sourcecode.swift; path = JSONUtils.swift; sourceTree = "<group>"; };
		5AB44C61222E88C600ED9D36 /* MessageStatus.swift */ = {isa = PBXFileReference; lastKnownFileType = sourcecode.swift; path = MessageStatus.swift; sourceTree = "<group>"; };
		5AC54CA521E7373400EC1F8C /* PersistenceServiceUtils.swift */ = {isa = PBXFileReference; lastKnownFileType = sourcecode.swift; path = PersistenceServiceUtils.swift; sourceTree = "<group>"; };
		5AFE8E5D21E8D7410003477B /* PersistenceServiceTests.swift */ = {isa = PBXFileReference; lastKnownFileType = sourcecode.swift; path = PersistenceServiceTests.swift; sourceTree = "<group>"; };
		5AFE8E5F21E8E2150003477B /* TestClass.swift */ = {isa = PBXFileReference; lastKnownFileType = sourcecode.swift; path = TestClass.swift; sourceTree = "<group>"; };
		5AFE8E6121E8E2620003477B /* MapDrivenDataStoreTests.swift */ = {isa = PBXFileReference; lastKnownFileType = sourcecode.swift; path = MapDrivenDataStoreTests.swift; sourceTree = "<group>"; };
		5AFE8E6321E8E3430003477B /* TestsConfig.swift */ = {isa = PBXFileReference; lastKnownFileType = sourcecode.swift; path = TestsConfig.swift; sourceTree = "<group>"; };
		5AFE8E6521E8E5C00003477B /* DataStoreFactoryTests.swift */ = {isa = PBXFileReference; lastKnownFileType = sourcecode.swift; path = DataStoreFactoryTests.swift; sourceTree = "<group>"; };
		5E03A3B9222916A2005A538D /* Channel.swift */ = {isa = PBXFileReference; lastKnownFileType = sourcecode.swift; path = Channel.swift; sourceTree = "<group>"; };
		5E03A3BC22291882005A538D /* RTMessaging.swift */ = {isa = PBXFileReference; lastKnownFileType = sourcecode.swift; path = RTMessaging.swift; sourceTree = "<group>"; };
		5E03A3BE22291C74005A538D /* MessagingService.swift */ = {isa = PBXFileReference; lastKnownFileType = sourcecode.swift; path = MessagingService.swift; sourceTree = "<group>"; };
		5E03A3C022294A4B005A538D /* PublishMessageInfo.swift */ = {isa = PBXFileReference; lastKnownFileType = sourcecode.swift; path = PublishMessageInfo.swift; sourceTree = "<group>"; };
		5E03A3C222296D03005A538D /* CommandObject.swift */ = {isa = PBXFileReference; lastKnownFileType = sourcecode.swift; path = CommandObject.swift; sourceTree = "<group>"; };
		5E03A3C42229711F005A538D /* UserStatus.swift */ = {isa = PBXFileReference; lastKnownFileType = sourcecode.swift; path = UserStatus.swift; sourceTree = "<group>"; };
		5E11113621B532450044CAED /* UserProperty.swift */ = {isa = PBXFileReference; lastKnownFileType = sourcecode.swift; path = UserProperty.swift; sourceTree = "<group>"; };
		5E11113B21B542BA0044CAED /* UserServiceTests.swift */ = {isa = PBXFileReference; lastKnownFileType = sourcecode.swift; path = UserServiceTests.swift; sourceTree = "<group>"; };
		5E13C3A522046F7C00EA3050 /* JSON.swift */ = {isa = PBXFileReference; lastKnownFileType = sourcecode.swift; path = JSON.swift; sourceTree = "<group>"; };
		5E15A06B223B9C9D0090F5A3 /* RTMessagingTests.swift */ = {isa = PBXFileReference; lastKnownFileType = sourcecode.swift; path = RTMessagingTests.swift; sourceTree = "<group>"; };
		5E341B7B21F5E11A00C32598 /* ObjectProperty.swift */ = {isa = PBXFileReference; lastKnownFileType = sourcecode.swift; path = ObjectProperty.swift; sourceTree = "<group>"; };
		5E44C04F2223EC4A00B391E7 /* RTServiceTests.swift */ = {isa = PBXFileReference; lastKnownFileType = sourcecode.swift; path = RTServiceTests.swift; sourceTree = "<group>"; };
		5E467F812201E20700E70772 /* DataPermission.swift */ = {isa = PBXFileReference; lastKnownFileType = sourcecode.swift; path = DataPermission.swift; sourceTree = "<group>"; };
		5E498E2D8F87FE5F1EDC7604 /* Pods_SwiftSDK.framework */ = {isa = PBXFileReference; explicitFileType = wrapper.framework; includeInIndex = 0; path = Pods_SwiftSDK.framework; sourceTree = BUILT_PRODUCTS_DIR; };
		5E4DE64221EF8E92009AE503 /* Mappings.swift */ = {isa = PBXFileReference; lastKnownFileType = sourcecode.swift; path = Mappings.swift; sourceTree = "<group>"; };
		5E4E305D22439B9700B479C8 /* DeviceRegistration.swift */ = {isa = PBXFileReference; lastKnownFileType = sourcecode.swift; path = DeviceRegistration.swift; sourceTree = "<group>"; };
		5E4E309B2243B85C00B479C8 /* DeviceHelper.swift */ = {isa = PBXFileReference; lastKnownFileType = sourcecode.swift; path = DeviceHelper.swift; sourceTree = "<group>"; };
		5E4E31142243C39200B479C8 /* DataTypesUtils.swift */ = {isa = PBXFileReference; lastKnownFileType = sourcecode.swift; path = DataTypesUtils.swift; sourceTree = "<group>"; };
		5E545EEB21DFB87A00881ED0 /* GeoServiceTests.swift */ = {isa = PBXFileReference; lastKnownFileType = sourcecode.swift; path = GeoServiceTests.swift; sourceTree = "<group>"; };
		5E545EED21DFBA4400881ED0 /* GeoPointTests.swift */ = {isa = PBXFileReference; lastKnownFileType = sourcecode.swift; path = GeoPointTests.swift; sourceTree = "<group>"; };
		5E5716E72242803A00C7B048 /* SharedObjectTests.swift */ = {isa = PBXFileReference; lastKnownFileType = sourcecode.swift; path = SharedObjectTests.swift; sourceTree = "<group>"; };
		5E572D4A21B8043E000713B0 /* ProcessResponse.swift */ = {isa = PBXFileReference; lastKnownFileType = sourcecode.swift; path = ProcessResponse.swift; sourceTree = "<group>"; wrapsLines = 0; };
		5E5FE02821F7359700387F8B /* ChildTestClass.swift */ = {isa = PBXFileReference; fileEncoding = 4; lastKnownFileType = sourcecode.swift; path = ChildTestClass.swift; sourceTree = "<group>"; };
		5E60834A21EF721900268B4D /* DictionaryExtension.swift */ = {isa = PBXFileReference; lastKnownFileType = sourcecode.swift; path = DictionaryExtension.swift; sourceTree = "<group>"; };
		5E64F0BE21C50D8E00590B04 /* BackendlessRequestManager.swift */ = {isa = PBXFileReference; lastKnownFileType = sourcecode.swift; path = BackendlessRequestManager.swift; sourceTree = "<group>"; };
		5E6C1E442203362700903B7A /* ReturnedResponse.swift */ = {isa = PBXFileReference; lastKnownFileType = sourcecode.swift; path = ReturnedResponse.swift; sourceTree = "<group>"; };
		5E722B5D21BE9DE800AA9A8F /* DataTypeEnum.swift */ = {isa = PBXFileReference; lastKnownFileType = sourcecode.swift; path = DataTypeEnum.swift; sourceTree = "<group>"; };
		5E72EABC21F6EB89006C8C5C /* DataQueryBuilder.swift */ = {isa = PBXFileReference; lastKnownFileType = sourcecode.swift; path = DataQueryBuilder.swift; sourceTree = "<group>"; };
		5E7534652220578600BC31D4 /* EventHanderForMapTests.swift */ = {isa = PBXFileReference; lastKnownFileType = sourcecode.swift; path = EventHanderForMapTests.swift; sourceTree = "<group>"; };
		5E7534672220579100BC31D4 /* EventHandlerForClassTests.swift */ = {isa = PBXFileReference; lastKnownFileType = sourcecode.swift; path = EventHandlerForClassTests.swift; sourceTree = "<group>"; };
		5E7722DC2236D91E00E7B346 /* RTTypes.swift */ = {isa = PBXFileReference; lastKnownFileType = sourcecode.swift; path = RTTypes.swift; sourceTree = "<group>"; };
		5E7E8A5F21ECC94A00AA04E1 /* UserDefaultsHelper.swift */ = {isa = PBXFileReference; lastKnownFileType = sourcecode.swift; path = UserDefaultsHelper.swift; sourceTree = "<group>"; };
		5E81B28C2236A8300015AEDC /* RTMethod.swift */ = {isa = PBXFileReference; lastKnownFileType = sourcecode.swift; path = RTMethod.swift; sourceTree = "<group>"; };
		5E84136221B5265200869794 /* UserService.swift */ = {isa = PBXFileReference; lastKnownFileType = sourcecode.swift; path = UserService.swift; sourceTree = "<group>"; };
		5E84E879223158EA008B3F05 /* PublishingAPITests.swift */ = {isa = PBXFileReference; lastKnownFileType = sourcecode.swift; path = PublishingAPITests.swift; sourceTree = "<group>"; };
		5E84E87B22315E12008B3F05 /* EmailBodyparts.swift */ = {isa = PBXFileReference; lastKnownFileType = sourcecode.swift; path = EmailBodyparts.swift; sourceTree = "<group>"; };
		5E90721021B66E9E00619C0D /* Fault.swift */ = {isa = PBXFileReference; lastKnownFileType = sourcecode.swift; path = Fault.swift; sourceTree = "<group>"; };
		5E96E1AC21F8408800F34C11 /* TestClassForMappings.swift */ = {isa = PBXFileReference; lastKnownFileType = sourcecode.swift; path = TestClassForMappings.swift; sourceTree = "<group>"; };
		5E9718FC221BFE3D00857603 /* RTFactory.swift */ = {isa = PBXFileReference; lastKnownFileType = sourcecode.swift; path = RTFactory.swift; sourceTree = "<group>"; };
		5E97190D221C276600857603 /* IEventHandler.swift */ = {isa = PBXFileReference; lastKnownFileType = sourcecode.swift; path = IEventHandler.swift; sourceTree = "<group>"; };
		5E97190F221C27BB00857603 /* EventHandlerForClass.swift */ = {isa = PBXFileReference; lastKnownFileType = sourcecode.swift; path = EventHandlerForClass.swift; sourceTree = "<group>"; };
		5E971911221C27CB00857603 /* EventHandlerForMap.swift */ = {isa = PBXFileReference; lastKnownFileType = sourcecode.swift; path = EventHandlerForMap.swift; sourceTree = "<group>"; };
		5E971913221C296A00857603 /* RTService.swift */ = {isa = PBXFileReference; lastKnownFileType = sourcecode.swift; path = RTService.swift; sourceTree = "<group>"; };
		5E971915221C2A8700857603 /* RTClient.swift */ = {isa = PBXFileReference; lastKnownFileType = sourcecode.swift; path = RTClient.swift; sourceTree = "<group>"; };
		5E971917221C2CC400857603 /* RTSubscription.swift */ = {isa = PBXFileReference; lastKnownFileType = sourcecode.swift; path = RTSubscription.swift; sourceTree = "<group>"; };
		5E971919221C369A00857603 /* RTMethodRequest.swift */ = {isa = PBXFileReference; lastKnownFileType = sourcecode.swift; path = RTMethodRequest.swift; sourceTree = "<group>"; };
		5E9C572821AEEA0400877870 /* SwiftSDK.framework */ = {isa = PBXFileReference; explicitFileType = wrapper.framework; includeInIndex = 0; path = SwiftSDK.framework; sourceTree = BUILT_PRODUCTS_DIR; };
		5E9C572B21AEEA0400877870 /* SwiftSDK.h */ = {isa = PBXFileReference; lastKnownFileType = sourcecode.c.h; path = SwiftSDK.h; sourceTree = "<group>"; };
		5E9C572C21AEEA0400877870 /* Info.plist */ = {isa = PBXFileReference; lastKnownFileType = text.plist.xml; path = Info.plist; sourceTree = "<group>"; };
		5E9C573121AEEA0400877870 /* SwiftSDKTests.xctest */ = {isa = PBXFileReference; explicitFileType = wrapper.cfbundle; includeInIndex = 0; path = SwiftSDKTests.xctest; sourceTree = BUILT_PRODUCTS_DIR; };
		5EA2B69A21F2324B00CFDC37 /* StoredObjects.swift */ = {isa = PBXFileReference; lastKnownFileType = sourcecode.swift; path = StoredObjects.swift; sourceTree = "<group>"; };
		5EA5D2C3223BCE8F0027EA49 /* SharedObject.swift */ = {isa = PBXFileReference; lastKnownFileType = sourcecode.swift; path = SharedObject.swift; sourceTree = "<group>"; };
		5EA5D2C5223BE2AC0027EA49 /* RTSharedObject.swift */ = {isa = PBXFileReference; lastKnownFileType = sourcecode.swift; path = RTSharedObject.swift; sourceTree = "<group>"; };
		5EA5D2C7223BE5F90027EA49 /* InvokeObject.swift */ = {isa = PBXFileReference; lastKnownFileType = sourcecode.swift; path = InvokeObject.swift; sourceTree = "<group>"; };
		5EA5D2C9223BE6440027EA49 /* SharedObjectChanges.swift */ = {isa = PBXFileReference; lastKnownFileType = sourcecode.swift; path = SharedObjectChanges.swift; sourceTree = "<group>"; };
		5EA87B74221D4A3100A8B93F /* ReconnectAttemptObject.swift */ = {isa = PBXFileReference; lastKnownFileType = sourcecode.swift; path = ReconnectAttemptObject.swift; sourceTree = "<group>"; };
		5EA87B94221D720100A8B93F /* RTListener.swift */ = {isa = PBXFileReference; lastKnownFileType = sourcecode.swift; path = RTListener.swift; sourceTree = "<group>"; };
		5EB28E1821B1799A0007AC30 /* Backendless.swift */ = {isa = PBXFileReference; lastKnownFileType = sourcecode.swift; path = Backendless.swift; sourceTree = "<group>"; };
		5EB28E1F21B1833A0007AC30 /* BackendlessTests.swift */ = {isa = PBXFileReference; lastKnownFileType = sourcecode.swift; path = BackendlessTests.swift; sourceTree = "<group>"; };
		5EC7D160222FB56700FD3FF4 /* PublishOptions.swift */ = {isa = PBXFileReference; lastKnownFileType = sourcecode.swift; path = PublishOptions.swift; sourceTree = "<group>"; };
		5EC7D162222FB86100FD3FF4 /* DeliveryOptions.swift */ = {isa = PBXFileReference; lastKnownFileType = sourcecode.swift; path = DeliveryOptions.swift; sourceTree = "<group>"; };
		5EC7D169222FDBCE00FD3FF4 /* SubscriptionAPITests.swift */ = {isa = PBXFileReference; lastKnownFileType = sourcecode.swift; path = SubscriptionAPITests.swift; sourceTree = "<group>"; };
		5ECD9C7D21DE57DA002CBB7D /* GeoPoint.swift */ = {isa = PBXFileReference; lastKnownFileType = sourcecode.swift; path = GeoPoint.swift; sourceTree = "<group>"; };
		5ECD9C7F21DE57E7002CBB7D /* GeoService.swift */ = {isa = PBXFileReference; lastKnownFileType = sourcecode.swift; path = GeoService.swift; sourceTree = "<group>"; };
		5ECE680E21B0248B00839120 /* Info.plist */ = {isa = PBXFileReference; fileEncoding = 4; lastKnownFileType = text.plist.xml; path = Info.plist; sourceTree = "<group>"; };
		5ED51D0C22456E8600D22F11 /* BackendlessPushHelper.swift */ = {isa = PBXFileReference; lastKnownFileType = sourcecode.swift; path = BackendlessPushHelper.swift; sourceTree = "<group>"; };
		5ED765CF2224369E009431CD /* BulkEvent.swift */ = {isa = PBXFileReference; lastKnownFileType = sourcecode.swift; path = BulkEvent.swift; sourceTree = "<group>"; };
		5EE063BE22017EAA00B862EA /* LoadRelationsQueryBuilder.swift */ = {isa = PBXFileReference; lastKnownFileType = sourcecode.swift; path = LoadRelationsQueryBuilder.swift; sourceTree = "<group>"; };
		5EE2B40621C25EC600F90723 /* BackendlessUserTests.swift */ = {isa = PBXFileReference; lastKnownFileType = sourcecode.swift; path = BackendlessUserTests.swift; sourceTree = "<group>"; };
		5EE6920021B67791002E72A9 /* FaultTests.swift */ = {isa = PBXFileReference; lastKnownFileType = sourcecode.swift; path = FaultTests.swift; sourceTree = "<group>"; };
		5EFB60E822422F93004DFA2C /* UserInfo.swift */ = {isa = PBXFileReference; lastKnownFileType = sourcecode.swift; path = UserInfo.swift; sourceTree = "<group>"; };
		5EFBA8FD21C1011E007B3BB0 /* BackendlessUser.swift */ = {isa = PBXFileReference; lastKnownFileType = sourcecode.swift; path = BackendlessUser.swift; sourceTree = "<group>"; };
		8719E73BC42A4BAC496A289B /* Pods-SwiftSDKTests.release.xcconfig */ = {isa = PBXFileReference; includeInIndex = 1; lastKnownFileType = text.xcconfig; name = "Pods-SwiftSDKTests.release.xcconfig"; path = "Target Support Files/Pods-SwiftSDKTests/Pods-SwiftSDKTests.release.xcconfig"; sourceTree = "<group>"; };
		B6B654B2B26601D8872ECE6E /* Pods-SwiftSDKTests.debug.xcconfig */ = {isa = PBXFileReference; includeInIndex = 1; lastKnownFileType = text.xcconfig; name = "Pods-SwiftSDKTests.debug.xcconfig"; path = "Target Support Files/Pods-SwiftSDKTests/Pods-SwiftSDKTests.debug.xcconfig"; sourceTree = "<group>"; };
		ED68E2C23E11081DB4FBE86A /* Pods-SwiftSDK.release.xcconfig */ = {isa = PBXFileReference; includeInIndex = 1; lastKnownFileType = text.xcconfig; name = "Pods-SwiftSDK.release.xcconfig"; path = "Target Support Files/Pods-SwiftSDK/Pods-SwiftSDK.release.xcconfig"; sourceTree = "<group>"; };
/* End PBXFileReference section */

/* Begin PBXFrameworksBuildPhase section */
		5E9C572521AEEA0400877870 /* Frameworks */ = {
			isa = PBXFrameworksBuildPhase;
			buildActionMask = 2147483647;
			files = (
				B264877612834E6EDC429235 /* Pods_SwiftSDK.framework in Frameworks */,
			);
			runOnlyForDeploymentPostprocessing = 0;
		};
		5E9C572E21AEEA0400877870 /* Frameworks */ = {
			isa = PBXFrameworksBuildPhase;
			buildActionMask = 2147483647;
			files = (
				5E9C573221AEEA0400877870 /* SwiftSDK.framework in Frameworks */,
				6AA95CD0F22ACB1CFFE37402 /* Pods_SwiftSDKTests.framework in Frameworks */,
			);
			runOnlyForDeploymentPostprocessing = 0;
		};
/* End PBXFrameworksBuildPhase section */

/* Begin PBXGroup section */
		0E392E1DBB70E48EDE9602D1 /* Pods */ = {
			isa = PBXGroup;
			children = (
				36AF0F69202A7AD9BDBD5F46 /* Pods-SwiftSDK.debug.xcconfig */,
				ED68E2C23E11081DB4FBE86A /* Pods-SwiftSDK.release.xcconfig */,
				B6B654B2B26601D8872ECE6E /* Pods-SwiftSDKTests.debug.xcconfig */,
				8719E73BC42A4BAC496A289B /* Pods-SwiftSDKTests.release.xcconfig */,
			);
			path = Pods;
			sourceTree = "<group>";
		};
		5A2A784B21E6103100EC8007 /* Persistence */ = {
			isa = PBXGroup;
			children = (
				5E9718F8221BFD0D00857603 /* RT */,
				5A2A785021E6114800EC8007 /* PersistenceService.swift */,
				5AC54CA521E7373400EC1F8C /* PersistenceServiceUtils.swift */,
				5A2A784C21E6104F00EC8007 /* IDataStore.swift */,
				5A2A784E21E610D700EC8007 /* MapDrivenDataStore.swift */,
				5A2A785221E61D1700EC8007 /* DataStoreFactory.swift */,
				5E4DE64221EF8E92009AE503 /* Mappings.swift */,
				5EA2B69A21F2324B00CFDC37 /* StoredObjects.swift */,
				5E72EABC21F6EB89006C8C5C /* DataQueryBuilder.swift */,
				5EE063BE22017EAA00B862EA /* LoadRelationsQueryBuilder.swift */,
				5E467F812201E20700E70772 /* DataPermission.swift */,
			);
			path = Persistence;
			sourceTree = "<group>";
		};
		5A2EBA6CE681A7D23788C88D /* Frameworks */ = {
			isa = PBXGroup;
			children = (
				5E498E2D8F87FE5F1EDC7604 /* Pods_SwiftSDK.framework */,
				3516024AF117B55B0390A0E3 /* Pods_SwiftSDKTests.framework */,
			);
			name = Frameworks;
			sourceTree = "<group>";
		};
		5AFE8E5C21E8D7010003477B /* PersistenceServiceTests */ = {
			isa = PBXGroup;
			children = (
				5AFE8E5D21E8D7410003477B /* PersistenceServiceTests.swift */,
				5AFE8E6121E8E2620003477B /* MapDrivenDataStoreTests.swift */,
				5AFE8E6521E8E5C00003477B /* DataStoreFactoryTests.swift */,
			);
			path = PersistenceServiceTests;
			sourceTree = "<group>";
		};
		5E03A3B822291680005A538D /* Messaging */ = {
			isa = PBXGroup;
			children = (
				5E03A3BB22291874005A538D /* RT */,
				5EC7D162222FB86100FD3FF4 /* DeliveryOptions.swift */,
				5E84E87B22315E12008B3F05 /* EmailBodyparts.swift */,
				5AB44C61222E88C600ED9D36 /* MessageStatus.swift */,
				5E03A3BE22291C74005A538D /* MessagingService.swift */,
				5E03A3C022294A4B005A538D /* PublishMessageInfo.swift */,
				5EC7D160222FB56700FD3FF4 /* PublishOptions.swift */,
				5E4E305D22439B9700B479C8 /* DeviceRegistration.swift */,
				5ED51D0C22456E8600D22F11 /* BackendlessPushHelper.swift */,
			);
			path = Messaging;
			sourceTree = "<group>";
		};
		5E03A3BB22291874005A538D /* RT */ = {
			isa = PBXGroup;
			children = (
				5E03A3B9222916A2005A538D /* Channel.swift */,
				5E03A3BC22291882005A538D /* RTMessaging.swift */,
			);
			path = RT;
			sourceTree = "<group>";
		};
		5E11113821B532BD0044CAED /* Property */ = {
			isa = PBXGroup;
			children = (
				5E722B5D21BE9DE800AA9A8F /* DataTypeEnum.swift */,
				5E341B7B21F5E11A00C32598 /* ObjectProperty.swift */,
				5E11113621B532450044CAED /* UserProperty.swift */,
			);
			path = Property;
			sourceTree = "<group>";
		};
		5E545EEA21DFAF1D00881ED0 /* GeoServiceTests */ = {
			isa = PBXGroup;
			children = (
				5E545EEB21DFB87A00881ED0 /* GeoServiceTests.swift */,
				5E545EED21DFBA4400881ED0 /* GeoPointTests.swift */,
			);
			path = GeoServiceTests;
			sourceTree = "<group>";
		};
		5E572D4921B8042B000713B0 /* Response */ = {
			isa = PBXGroup;
			children = (
				5E572D4A21B8043E000713B0 /* ProcessResponse.swift */,
			);
			path = Response;
			sourceTree = "<group>";
		};
		5E5FE02721F7347200387F8B /* TestObjects */ = {
			isa = PBXGroup;
			children = (
				5E5FE02821F7359700387F8B /* ChildTestClass.swift */,
				5AFE8E5F21E8E2150003477B /* TestClass.swift */,
				5E96E1AC21F8408800F34C11 /* TestClassForMappings.swift */,
			);
			path = TestObjects;
			sourceTree = "<group>";
		};
		5E60834921EF720600268B4D /* Extensions */ = {
			isa = PBXGroup;
			children = (
				5E60834A21EF721900268B4D /* DictionaryExtension.swift */,
			);
			path = Extensions;
			sourceTree = "<group>";
		};
		5E6098FF222040620012F6A0 /* RTTests */ = {
			isa = PBXGroup;
			children = (
				5E44C04F2223EC4A00B391E7 /* RTServiceTests.swift */,
				5E7534652220578600BC31D4 /* EventHanderForMapTests.swift */,
				5E7534672220579100BC31D4 /* EventHandlerForClassTests.swift */,
				5EC7D169222FDBCE00FD3FF4 /* SubscriptionAPITests.swift */,
				5E84E879223158EA008B3F05 /* PublishingAPITests.swift */,
				5E15A06B223B9C9D0090F5A3 /* RTMessagingTests.swift */,
				5E5716E72242803A00C7B048 /* SharedObjectTests.swift */,
			);
			path = RTTests;
			sourceTree = "<group>";
		};
		5E64F0BD21C50D7D00590B04 /* BackendlessRequestManager */ = {
			isa = PBXGroup;
			children = (
				5E64F0BE21C50D8E00590B04 /* BackendlessRequestManager.swift */,
				5E6C1E442203362700903B7A /* ReturnedResponse.swift */,
			);
			path = BackendlessRequestManager;
			sourceTree = "<group>";
		};
		5E7E8A5E21ECC92F00AA04E1 /* Utils */ = {
			isa = PBXGroup;
			children = (
				5E7E8A5F21ECC94A00AA04E1 /* UserDefaultsHelper.swift */,
				5E13C3A522046F7C00EA3050 /* JSON.swift */,
				5AA296992237C19D007104C7 /* JSONUtils.swift */,
				5E4E309B2243B85C00B479C8 /* DeviceHelper.swift */,
				5E4E31142243C39200B479C8 /* DataTypesUtils.swift */,
			);
			path = Utils;
			sourceTree = "<group>";
		};
		5E90720E21B66DA300619C0D /* UserServiceTests */ = {
			isa = PBXGroup;
			children = (
				5E11113B21B542BA0044CAED /* UserServiceTests.swift */,
				5EE2B40621C25EC600F90723 /* BackendlessUserTests.swift */,
			);
			path = UserServiceTests;
			sourceTree = "<group>";
		};
		5E90720F21B66E6000619C0D /* Fault */ = {
			isa = PBXGroup;
			children = (
				5E90721021B66E9E00619C0D /* Fault.swift */,
			);
			path = Fault;
			sourceTree = "<group>";
		};
		5E9718F8221BFD0D00857603 /* RT */ = {
			isa = PBXGroup;
			children = (
				5E97190D221C276600857603 /* IEventHandler.swift */,
				5E971911221C27CB00857603 /* EventHandlerForMap.swift */,
				5E97190F221C27BB00857603 /* EventHandlerForClass.swift */,
				5ED765CF2224369E009431CD /* BulkEvent.swift */,
			);
			path = RT;
			sourceTree = "<group>";
		};
		5E9718FB221BFE3100857603 /* RT */ = {
			isa = PBXGroup;
			children = (
				5EA5D2CB223BE6580027EA49 /* SharedObject */,
				5E03A3C222296D03005A538D /* CommandObject.swift */,
				5EA87B74221D4A3100A8B93F /* ReconnectAttemptObject.swift */,
				5E971915221C2A8700857603 /* RTClient.swift */,
				5E9718FC221BFE3D00857603 /* RTFactory.swift */,
				5EA87B94221D720100A8B93F /* RTListener.swift */,
				5E81B28C2236A8300015AEDC /* RTMethod.swift */,
				5E971919221C369A00857603 /* RTMethodRequest.swift */,
				5E971913221C296A00857603 /* RTService.swift */,
				5E971917221C2CC400857603 /* RTSubscription.swift */,
				5EFB60E822422F93004DFA2C /* UserInfo.swift */,
				5E7722DC2236D91E00E7B346 /* RTTypes.swift */,
				5E03A3C42229711F005A538D /* UserStatus.swift */,
			);
			path = RT;
			sourceTree = "<group>";
		};
		5E9C572921AEEA0400877870 /* Products */ = {
			isa = PBXGroup;
			children = (
				5E9C572821AEEA0400877870 /* SwiftSDK.framework */,
				5E9C573121AEEA0400877870 /* SwiftSDKTests.xctest */,
			);
			name = Products;
			sourceTree = "<group>";
		};
		5E9C572A21AEEA0400877870 /* SwiftSDK */ = {
			isa = PBXGroup;
			children = (
				5E9C572B21AEEA0400877870 /* SwiftSDK.h */,
				5E9C572C21AEEA0400877870 /* Info.plist */,
			);
			path = SwiftSDK;
			sourceTree = "<group>";
		};
		5EA5D2CB223BE6580027EA49 /* SharedObject */ = {
			isa = PBXGroup;
			children = (
				5EA5D2C3223BCE8F0027EA49 /* SharedObject.swift */,
				5EA5D2C5223BE2AC0027EA49 /* RTSharedObject.swift */,
				5EA5D2C7223BE5F90027EA49 /* InvokeObject.swift */,
				5EA5D2C9223BE6440027EA49 /* SharedObjectChanges.swift */,
			);
			path = SharedObject;
			sourceTree = "<group>";
		};
		5EAA649A21AEDBEA006019EF = {
			isa = PBXGroup;
			children = (
				5ED3E2A921B0267200A223C1 /* Sources */,
				5E9C572A21AEEA0400877870 /* SwiftSDK */,
				5ECE680C21B0248B00839120 /* SwiftSDKTests */,
				5E9C572921AEEA0400877870 /* Products */,
				0E392E1DBB70E48EDE9602D1 /* Pods */,
				5A2EBA6CE681A7D23788C88D /* Frameworks */,
			);
			sourceTree = "<group>";
		};
		5EB28E1A21B17A490007AC30 /* UserService */ = {
			isa = PBXGroup;
			children = (
				5E84136221B5265200869794 /* UserService.swift */,
				5EFBA8FD21C1011E007B3BB0 /* BackendlessUser.swift */,
			);
			path = UserService;
			sourceTree = "<group>";
		};
		5ECD9C7C21DE57C2002CBB7D /* GeoService */ = {
			isa = PBXGroup;
			children = (
				5ECD9C7F21DE57E7002CBB7D /* GeoService.swift */,
				5ECD9C7D21DE57DA002CBB7D /* GeoPoint.swift */,
			);
			path = GeoService;
			sourceTree = "<group>";
		};
		5ECE680C21B0248B00839120 /* SwiftSDKTests */ = {
			isa = PBXGroup;
			children = (
				5ECE680E21B0248B00839120 /* Info.plist */,
				5AFE8E6321E8E3430003477B /* TestsConfig.swift */,
				5EB28E1F21B1833A0007AC30 /* BackendlessTests.swift */,
				5EE691FF21B67770002E72A9 /* FaultTests */,
				5E545EEA21DFAF1D00881ED0 /* GeoServiceTests */,
				5AFE8E5C21E8D7010003477B /* PersistenceServiceTests */,
				5E6098FF222040620012F6A0 /* RTTests */,
				5E5FE02721F7347200387F8B /* TestObjects */,
				5E90720E21B66DA300619C0D /* UserServiceTests */,
			);
			name = SwiftSDKTests;
			path = Tests/SwiftSDKTests;
			sourceTree = "<group>";
		};
		5ED3E2A921B0267200A223C1 /* Sources */ = {
			isa = PBXGroup;
			children = (
				5ED3E2AA21B0267200A223C1 /* SwiftSDK */,
			);
			path = Sources;
			sourceTree = "<group>";
		};
		5ED3E2AA21B0267200A223C1 /* SwiftSDK */ = {
			isa = PBXGroup;
			children = (
				5EB28E1821B1799A0007AC30 /* Backendless.swift */,
				5E64F0BD21C50D7D00590B04 /* BackendlessRequestManager */,
				5E60834921EF720600268B4D /* Extensions */,
				5E90720F21B66E6000619C0D /* Fault */,
				5ECD9C7C21DE57C2002CBB7D /* GeoService */,
				5E03A3B822291680005A538D /* Messaging */,
				5A2A784B21E6103100EC8007 /* Persistence */,
				5E11113821B532BD0044CAED /* Property */,
				5E572D4921B8042B000713B0 /* Response */,
				5E9718FB221BFE3100857603 /* RT */,
				5EB28E1A21B17A490007AC30 /* UserService */,
				5E7E8A5E21ECC92F00AA04E1 /* Utils */,
			);
			path = SwiftSDK;
			sourceTree = "<group>";
		};
		5EE691FF21B67770002E72A9 /* FaultTests */ = {
			isa = PBXGroup;
			children = (
				5EE6920021B67791002E72A9 /* FaultTests.swift */,
			);
			path = FaultTests;
			sourceTree = "<group>";
		};
/* End PBXGroup section */

/* Begin PBXHeadersBuildPhase section */
		5E9C572321AEEA0400877870 /* Headers */ = {
			isa = PBXHeadersBuildPhase;
			buildActionMask = 2147483647;
			files = (
				5E9C573921AEEA0400877870 /* SwiftSDK.h in Headers */,
			);
			runOnlyForDeploymentPostprocessing = 0;
		};
/* End PBXHeadersBuildPhase section */

/* Begin PBXNativeTarget section */
		5E9C572721AEEA0400877870 /* SwiftSDK */ = {
			isa = PBXNativeTarget;
			buildConfigurationList = 5E9C573E21AEEA0400877870 /* Build configuration list for PBXNativeTarget "SwiftSDK" */;
			buildPhases = (
				C56D9D4E9B683DB320628A8A /* [CP] Check Pods Manifest.lock */,
				5E9C572321AEEA0400877870 /* Headers */,
				5E9C572421AEEA0400877870 /* Sources */,
				5E9C572521AEEA0400877870 /* Frameworks */,
				5E9C572621AEEA0400877870 /* Resources */,
			);
			buildRules = (
			);
			dependencies = (
			);
			name = SwiftSDK;
			productName = "SwiftSDK-iOS";
			productReference = 5E9C572821AEEA0400877870 /* SwiftSDK.framework */;
			productType = "com.apple.product-type.framework";
		};
		5E9C573021AEEA0400877870 /* SwiftSDKTests */ = {
			isa = PBXNativeTarget;
			buildConfigurationList = 5E9C573F21AEEA0400877870 /* Build configuration list for PBXNativeTarget "SwiftSDKTests" */;
			buildPhases = (
				36E1FD7B035BAB1ED2017AB2 /* [CP] Check Pods Manifest.lock */,
				5E9C572D21AEEA0400877870 /* Sources */,
				5E9C572E21AEEA0400877870 /* Frameworks */,
				5E9C572F21AEEA0400877870 /* Resources */,
				DD1A962912356CB99D37C626 /* [CP] Embed Pods Frameworks */,
			);
			buildRules = (
			);
			dependencies = (
				5E9C573421AEEA0400877870 /* PBXTargetDependency */,
			);
			name = SwiftSDKTests;
			productName = "SwiftSDK-iOSTests";
			productReference = 5E9C573121AEEA0400877870 /* SwiftSDKTests.xctest */;
			productType = "com.apple.product-type.bundle.unit-test";
		};
/* End PBXNativeTarget section */

/* Begin PBXProject section */
		5EAA649B21AEDBEA006019EF /* Project object */ = {
			isa = PBXProject;
			attributes = {
				LastSwiftUpdateCheck = 1010;
				LastUpgradeCheck = 1010;
				TargetAttributes = {
					5E9C572721AEEA0400877870 = {
						CreatedOnToolsVersion = 10.1;
						LastSwiftMigration = 1010;
					};
					5E9C573021AEEA0400877870 = {
						CreatedOnToolsVersion = 10.1;
						LastSwiftMigration = 1010;
					};
				};
			};
			buildConfigurationList = 5EAA649E21AEDBEA006019EF /* Build configuration list for PBXProject "SwiftSDK" */;
			compatibilityVersion = "Xcode 9.3";
			developmentRegion = en;
			hasScannedForEncodings = 0;
			knownRegions = (
				en,
			);
			mainGroup = 5EAA649A21AEDBEA006019EF;
			productRefGroup = 5E9C572921AEEA0400877870 /* Products */;
			projectDirPath = "";
			projectRoot = "";
			targets = (
				5E9C572721AEEA0400877870 /* SwiftSDK */,
				5E9C573021AEEA0400877870 /* SwiftSDKTests */,
			);
		};
/* End PBXProject section */

/* Begin PBXResourcesBuildPhase section */
		5E9C572621AEEA0400877870 /* Resources */ = {
			isa = PBXResourcesBuildPhase;
			buildActionMask = 2147483647;
			files = (
			);
			runOnlyForDeploymentPostprocessing = 0;
		};
		5E9C572F21AEEA0400877870 /* Resources */ = {
			isa = PBXResourcesBuildPhase;
			buildActionMask = 2147483647;
			files = (
			);
			runOnlyForDeploymentPostprocessing = 0;
		};
/* End PBXResourcesBuildPhase section */

/* Begin PBXShellScriptBuildPhase section */
		36E1FD7B035BAB1ED2017AB2 /* [CP] Check Pods Manifest.lock */ = {
			isa = PBXShellScriptBuildPhase;
			buildActionMask = 2147483647;
			files = (
			);
			inputFileListPaths = (
			);
			inputPaths = (
				"${PODS_PODFILE_DIR_PATH}/Podfile.lock",
				"${PODS_ROOT}/Manifest.lock",
			);
			name = "[CP] Check Pods Manifest.lock";
			outputFileListPaths = (
			);
			outputPaths = (
				"$(DERIVED_FILE_DIR)/Pods-SwiftSDKTests-checkManifestLockResult.txt",
			);
			runOnlyForDeploymentPostprocessing = 0;
			shellPath = /bin/sh;
			shellScript = "diff \"${PODS_PODFILE_DIR_PATH}/Podfile.lock\" \"${PODS_ROOT}/Manifest.lock\" > /dev/null\nif [ $? != 0 ] ; then\n    # print error to STDERR\n    echo \"error: The sandbox is not in sync with the Podfile.lock. Run 'pod install' or update your CocoaPods installation.\" >&2\n    exit 1\nfi\n# This output is used by Xcode 'outputs' to avoid re-running this script phase.\necho \"SUCCESS\" > \"${SCRIPT_OUTPUT_FILE_0}\"\n";
			showEnvVarsInLog = 0;
		};
		C56D9D4E9B683DB320628A8A /* [CP] Check Pods Manifest.lock */ = {
			isa = PBXShellScriptBuildPhase;
			buildActionMask = 2147483647;
			files = (
			);
			inputFileListPaths = (
			);
			inputPaths = (
				"${PODS_PODFILE_DIR_PATH}/Podfile.lock",
				"${PODS_ROOT}/Manifest.lock",
			);
			name = "[CP] Check Pods Manifest.lock";
			outputFileListPaths = (
			);
			outputPaths = (
				"$(DERIVED_FILE_DIR)/Pods-SwiftSDK-checkManifestLockResult.txt",
			);
			runOnlyForDeploymentPostprocessing = 0;
			shellPath = /bin/sh;
			shellScript = "diff \"${PODS_PODFILE_DIR_PATH}/Podfile.lock\" \"${PODS_ROOT}/Manifest.lock\" > /dev/null\nif [ $? != 0 ] ; then\n    # print error to STDERR\n    echo \"error: The sandbox is not in sync with the Podfile.lock. Run 'pod install' or update your CocoaPods installation.\" >&2\n    exit 1\nfi\n# This output is used by Xcode 'outputs' to avoid re-running this script phase.\necho \"SUCCESS\" > \"${SCRIPT_OUTPUT_FILE_0}\"\n";
			showEnvVarsInLog = 0;
		};
		DD1A962912356CB99D37C626 /* [CP] Embed Pods Frameworks */ = {
			isa = PBXShellScriptBuildPhase;
			buildActionMask = 2147483647;
			files = (
			);
			inputFileListPaths = (
				"${PODS_ROOT}/Target Support Files/Pods-SwiftSDKTests/Pods-SwiftSDKTests-frameworks-${CONFIGURATION}-input-files.xcfilelist",
			);
			name = "[CP] Embed Pods Frameworks";
			outputFileListPaths = (
				"${PODS_ROOT}/Target Support Files/Pods-SwiftSDKTests/Pods-SwiftSDKTests-frameworks-${CONFIGURATION}-output-files.xcfilelist",
			);
			runOnlyForDeploymentPostprocessing = 0;
			shellPath = /bin/sh;
			shellScript = "\"${PODS_ROOT}/Target Support Files/Pods-SwiftSDKTests/Pods-SwiftSDKTests-frameworks.sh\"\n";
			showEnvVarsInLog = 0;
		};
/* End PBXShellScriptBuildPhase section */

/* Begin PBXSourcesBuildPhase section */
		5E9C572421AEEA0400877870 /* Sources */ = {
			isa = PBXSourcesBuildPhase;
			buildActionMask = 2147483647;
			files = (
				5EA5D2C8223BE5F90027EA49 /* InvokeObject.swift in Sources */,
				5E4E305E22439B9700B479C8 /* DeviceRegistration.swift in Sources */,
				5EC7D163222FB86100FD3FF4 /* DeliveryOptions.swift in Sources */,
				5E4DE64321EF8E92009AE503 /* Mappings.swift in Sources */,
				5E7E8A6021ECC94A00AA04E1 /* UserDefaultsHelper.swift in Sources */,
				5EC7D161222FB56700FD3FF4 /* PublishOptions.swift in Sources */,
				5E971918221C2CC400857603 /* RTSubscription.swift in Sources */,
				5E84136321B5265200869794 /* UserService.swift in Sources */,
				5E6C1E452203362700903B7A /* ReturnedResponse.swift in Sources */,
				5E7722DD2236D91E00E7B346 /* RTTypes.swift in Sources */,
				5E11113721B532450044CAED /* UserProperty.swift in Sources */,
				5EE063BF22017EAA00B862EA /* LoadRelationsQueryBuilder.swift in Sources */,
				5EFBA8FE21C1011E007B3BB0 /* BackendlessUser.swift in Sources */,
				5E971912221C27CB00857603 /* EventHandlerForMap.swift in Sources */,
				5E03A3C52229711F005A538D /* UserStatus.swift in Sources */,
				5EA5D2C4223BCE8F0027EA49 /* SharedObject.swift in Sources */,
				5E3706FD22037CC800E08C50 /* ChildTestClass.swift in Sources */,
				5AB44C62222E88C600ED9D36 /* MessageStatus.swift in Sources */,
				5ECD9C8021DE57E7002CBB7D /* GeoService.swift in Sources */,
				5E3706F922037C9100E08C50 /* TestClassForMappings.swift in Sources */,
				5A2A784F21E610D700EC8007 /* MapDrivenDataStore.swift in Sources */,
				5E03A3BA222916A2005A538D /* Channel.swift in Sources */,
				5E97190E221C276600857603 /* IEventHandler.swift in Sources */,
				5E84E87C22315E12008B3F05 /* EmailBodyparts.swift in Sources */,
				5EA5D2C6223BE2AC0027EA49 /* RTSharedObject.swift in Sources */,
				5EA87B75221D4A3100A8B93F /* ReconnectAttemptObject.swift in Sources */,
				5AFE8E6421E8E3430003477B /* TestsConfig.swift in Sources */,
				5E971910221C27BB00857603 /* EventHandlerForClass.swift in Sources */,
				5E9718FD221BFE3D00857603 /* RTFactory.swift in Sources */,
				5A2A785121E6114800EC8007 /* PersistenceService.swift in Sources */,
				5E03A3C322296D03005A538D /* CommandObject.swift in Sources */,
				5E722B5E21BE9DE800AA9A8F /* DataTypeEnum.swift in Sources */,
				5EA2B69B21F2324B00CFDC37 /* StoredObjects.swift in Sources */,
				5AC54CA621E7373400EC1F8C /* PersistenceServiceUtils.swift in Sources */,
				5E64F0BF21C50D8E00590B04 /* BackendlessRequestManager.swift in Sources */,
				5A2A785321E61D1700EC8007 /* DataStoreFactory.swift in Sources */,
				5E90721121B66E9E00619C0D /* Fault.swift in Sources */,
				5E4E309C2243B85C00B479C8 /* DeviceHelper.swift in Sources */,
				5EFB60E922422F93004DFA2C /* UserInfo.swift in Sources */,
				5E81B28D2236A8300015AEDC /* RTMethod.swift in Sources */,
				5EA87B95221D720100A8B93F /* RTListener.swift in Sources */,
				5ED765D02224369E009431CD /* BulkEvent.swift in Sources */,
				5E72EABD21F6EB89006C8C5C /* DataQueryBuilder.swift in Sources */,
				5ED51D0D22456E8600D22F11 /* BackendlessPushHelper.swift in Sources */,
				5E3706F722037C8E00E08C50 /* TestClass.swift in Sources */,
				5A2A784D21E6104F00EC8007 /* IDataStore.swift in Sources */,
				5E341B7C21F5E11A00C32598 /* ObjectProperty.swift in Sources */,
				5E971914221C296A00857603 /* RTService.swift in Sources */,
				5E467F822201E20700E70772 /* DataPermission.swift in Sources */,
				5E971916221C2A8700857603 /* RTClient.swift in Sources */,
				5E13C3A622046F7C00EA3050 /* JSON.swift in Sources */,
				5E60834B21EF721900268B4D /* DictionaryExtension.swift in Sources */,
				5ECD9C7E21DE57DA002CBB7D /* GeoPoint.swift in Sources */,
				5E03A3BD22291882005A538D /* RTMessaging.swift in Sources */,
				5E03A3C122294A4B005A538D /* PublishMessageInfo.swift in Sources */,
				5EA5D2CA223BE6440027EA49 /* SharedObjectChanges.swift in Sources */,
				5E4E31152243C39200B479C8 /* DataTypesUtils.swift in Sources */,
				5E97191A221C369A00857603 /* RTMethodRequest.swift in Sources */,
				5E03A3BF22291C74005A538D /* MessagingService.swift in Sources */,
				5AA2969A2237C19D007104C7 /* JSONUtils.swift in Sources */,
				5E572D4B21B8043E000713B0 /* ProcessResponse.swift in Sources */,
				5EB28E1921B1799A0007AC30 /* Backendless.swift in Sources */,
			);
			runOnlyForDeploymentPostprocessing = 0;
		};
		5E9C572D21AEEA0400877870 /* Sources */ = {
			isa = PBXSourcesBuildPhase;
			buildActionMask = 2147483647;
			files = (
				5E7534682220579100BC31D4 /* EventHandlerForClassTests.swift in Sources */,
				5AFE8E6621E8E5C00003477B /* DataStoreFactoryTests.swift in Sources */,
				5AFE8E6221E8E2620003477B /* MapDrivenDataStoreTests.swift in Sources */,
				5E5716E82242803A00C7B048 /* SharedObjectTests.swift in Sources */,
				5E84E87A223158EA008B3F05 /* PublishingAPITests.swift in Sources */,
				5EE6920121B67791002E72A9 /* FaultTests.swift in Sources */,
				5E7534662220578600BC31D4 /* EventHanderForMapTests.swift in Sources */,
				5E44C0502223EC4A00B391E7 /* RTServiceTests.swift in Sources */,
				5E545EEC21DFB87A00881ED0 /* GeoServiceTests.swift in Sources */,
				5E545EEE21DFBA4400881ED0 /* GeoPointTests.swift in Sources */,
				5E11113C21B542BA0044CAED /* UserServiceTests.swift in Sources */,
				5EE2B40721C25EC600F90723 /* BackendlessUserTests.swift in Sources */,
				5E15A06C223B9C9D0090F5A3 /* RTMessagingTests.swift in Sources */,
				5EC7D16A222FDBCE00FD3FF4 /* SubscriptionAPITests.swift in Sources */,
				5AFE8E5E21E8D7410003477B /* PersistenceServiceTests.swift in Sources */,
				5EB28E2021B1833A0007AC30 /* BackendlessTests.swift in Sources */,
			);
			runOnlyForDeploymentPostprocessing = 0;
		};
/* End PBXSourcesBuildPhase section */

/* Begin PBXTargetDependency section */
		5E9C573421AEEA0400877870 /* PBXTargetDependency */ = {
			isa = PBXTargetDependency;
			target = 5E9C572721AEEA0400877870 /* SwiftSDK */;
			targetProxy = 5E9C573321AEEA0400877870 /* PBXContainerItemProxy */;
		};
/* End PBXTargetDependency section */

/* Begin XCBuildConfiguration section */
		5E9C573A21AEEA0400877870 /* Debug */ = {
			isa = XCBuildConfiguration;
			baseConfigurationReference = 36AF0F69202A7AD9BDBD5F46 /* Pods-SwiftSDK.debug.xcconfig */;
			buildSettings = {
				ALWAYS_EMBED_SWIFT_STANDARD_LIBRARIES = "$(inherited)";
				ALWAYS_SEARCH_USER_PATHS = NO;
				CLANG_ANALYZER_NONNULL = YES;
				CLANG_ANALYZER_NUMBER_OBJECT_CONVERSION = YES_AGGRESSIVE;
				CLANG_CXX_LANGUAGE_STANDARD = "gnu++14";
				CLANG_CXX_LIBRARY = "libc++";
				CLANG_ENABLE_MODULES = YES;
				CLANG_ENABLE_OBJC_ARC = YES;
				CLANG_ENABLE_OBJC_WEAK = YES;
				CLANG_WARN_BLOCK_CAPTURE_AUTORELEASING = YES;
				CLANG_WARN_BOOL_CONVERSION = YES;
				CLANG_WARN_COMMA = YES;
				CLANG_WARN_CONSTANT_CONVERSION = YES;
				CLANG_WARN_DEPRECATED_OBJC_IMPLEMENTATIONS = YES;
				CLANG_WARN_DIRECT_OBJC_ISA_USAGE = YES_ERROR;
				CLANG_WARN_DOCUMENTATION_COMMENTS = YES;
				CLANG_WARN_EMPTY_BODY = YES;
				CLANG_WARN_ENUM_CONVERSION = YES;
				CLANG_WARN_INFINITE_RECURSION = YES;
				CLANG_WARN_INT_CONVERSION = YES;
				CLANG_WARN_NON_LITERAL_NULL_CONVERSION = YES;
				CLANG_WARN_OBJC_IMPLICIT_RETAIN_SELF = YES;
				CLANG_WARN_OBJC_LITERAL_CONVERSION = YES;
				CLANG_WARN_OBJC_ROOT_CLASS = YES_ERROR;
				CLANG_WARN_RANGE_LOOP_ANALYSIS = YES;
				CLANG_WARN_STRICT_PROTOTYPES = YES;
				CLANG_WARN_SUSPICIOUS_MOVE = YES;
				CLANG_WARN_UNGUARDED_AVAILABILITY = YES_AGGRESSIVE;
				CLANG_WARN_UNREACHABLE_CODE = YES;
				CLANG_WARN__DUPLICATE_METHOD_MATCH = YES;
				CODE_SIGN_IDENTITY = "";
				CODE_SIGN_STYLE = Automatic;
				COPY_PHASE_STRIP = NO;
				CURRENT_PROJECT_VERSION = 1;
				DEBUG_INFORMATION_FORMAT = dwarf;
				DEFINES_MODULE = YES;
				DEVELOPMENT_TEAM = 73FSJC7BUF;
				DYLIB_COMPATIBILITY_VERSION = 1;
				DYLIB_CURRENT_VERSION = 1;
				DYLIB_INSTALL_NAME_BASE = "@rpath";
				ENABLE_STRICT_OBJC_MSGSEND = YES;
				ENABLE_TESTABILITY = YES;
				GCC_C_LANGUAGE_STANDARD = gnu11;
				GCC_DYNAMIC_NO_PIC = NO;
				GCC_NO_COMMON_BLOCKS = YES;
				GCC_OPTIMIZATION_LEVEL = 0;
				GCC_PREPROCESSOR_DEFINITIONS = (
					"DEBUG=1",
					"$(inherited)",
				);
				GCC_WARN_64_TO_32_BIT_CONVERSION = YES;
				GCC_WARN_ABOUT_RETURN_TYPE = YES_ERROR;
				GCC_WARN_UNDECLARED_SELECTOR = YES;
				GCC_WARN_UNINITIALIZED_AUTOS = YES_AGGRESSIVE;
				GCC_WARN_UNUSED_FUNCTION = YES;
				GCC_WARN_UNUSED_VARIABLE = YES;
				INFOPLIST_FILE = SwiftSDK/Info.plist;
				INSTALL_PATH = "$(LOCAL_LIBRARY_DIR)/Frameworks";
				IPHONEOS_DEPLOYMENT_TARGET = 8.0;
				LD_RUNPATH_SEARCH_PATHS = (
					"$(inherited)",
					"@executable_path/Frameworks",
					"@loader_path/Frameworks",
				);
				MTL_ENABLE_DEBUG_INFO = INCLUDE_SOURCE;
				MTL_FAST_MATH = YES;
				ONLY_ACTIVE_ARCH = YES;
				PRODUCT_BUNDLE_IDENTIFIER = com.Backendless.SwiftSDK;
				PRODUCT_NAME = "${PROJECT_NAME}";
				SDKROOT = iphoneos;
				SKIP_INSTALL = YES;
				SWIFT_ACTIVE_COMPILATION_CONDITIONS = DEBUG;
				SWIFT_OPTIMIZATION_LEVEL = "-Onone";
				SWIFT_VERSION = 4.2;
				TARGETED_DEVICE_FAMILY = "1,2";
				VERSIONING_SYSTEM = "apple-generic";
				VERSION_INFO_PREFIX = "";
			};
			name = Debug;
		};
		5E9C573B21AEEA0400877870 /* Release */ = {
			isa = XCBuildConfiguration;
			baseConfigurationReference = ED68E2C23E11081DB4FBE86A /* Pods-SwiftSDK.release.xcconfig */;
			buildSettings = {
				ALWAYS_EMBED_SWIFT_STANDARD_LIBRARIES = "$(inherited)";
				ALWAYS_SEARCH_USER_PATHS = NO;
				CLANG_ANALYZER_NONNULL = YES;
				CLANG_ANALYZER_NUMBER_OBJECT_CONVERSION = YES_AGGRESSIVE;
				CLANG_CXX_LANGUAGE_STANDARD = "gnu++14";
				CLANG_CXX_LIBRARY = "libc++";
				CLANG_ENABLE_MODULES = YES;
				CLANG_ENABLE_OBJC_ARC = YES;
				CLANG_ENABLE_OBJC_WEAK = YES;
				CLANG_WARN_BLOCK_CAPTURE_AUTORELEASING = YES;
				CLANG_WARN_BOOL_CONVERSION = YES;
				CLANG_WARN_COMMA = YES;
				CLANG_WARN_CONSTANT_CONVERSION = YES;
				CLANG_WARN_DEPRECATED_OBJC_IMPLEMENTATIONS = YES;
				CLANG_WARN_DIRECT_OBJC_ISA_USAGE = YES_ERROR;
				CLANG_WARN_DOCUMENTATION_COMMENTS = YES;
				CLANG_WARN_EMPTY_BODY = YES;
				CLANG_WARN_ENUM_CONVERSION = YES;
				CLANG_WARN_INFINITE_RECURSION = YES;
				CLANG_WARN_INT_CONVERSION = YES;
				CLANG_WARN_NON_LITERAL_NULL_CONVERSION = YES;
				CLANG_WARN_OBJC_IMPLICIT_RETAIN_SELF = YES;
				CLANG_WARN_OBJC_LITERAL_CONVERSION = YES;
				CLANG_WARN_OBJC_ROOT_CLASS = YES_ERROR;
				CLANG_WARN_RANGE_LOOP_ANALYSIS = YES;
				CLANG_WARN_STRICT_PROTOTYPES = YES;
				CLANG_WARN_SUSPICIOUS_MOVE = YES;
				CLANG_WARN_UNGUARDED_AVAILABILITY = YES_AGGRESSIVE;
				CLANG_WARN_UNREACHABLE_CODE = YES;
				CLANG_WARN__DUPLICATE_METHOD_MATCH = YES;
				CODE_SIGN_IDENTITY = "";
				CODE_SIGN_STYLE = Automatic;
				COPY_PHASE_STRIP = NO;
				CURRENT_PROJECT_VERSION = 1;
				DEBUG_INFORMATION_FORMAT = "dwarf-with-dsym";
				DEFINES_MODULE = YES;
				DEVELOPMENT_TEAM = 73FSJC7BUF;
				DYLIB_COMPATIBILITY_VERSION = 1;
				DYLIB_CURRENT_VERSION = 1;
				DYLIB_INSTALL_NAME_BASE = "@rpath";
				ENABLE_NS_ASSERTIONS = NO;
				ENABLE_STRICT_OBJC_MSGSEND = YES;
				GCC_C_LANGUAGE_STANDARD = gnu11;
				GCC_NO_COMMON_BLOCKS = YES;
				GCC_WARN_64_TO_32_BIT_CONVERSION = YES;
				GCC_WARN_ABOUT_RETURN_TYPE = YES_ERROR;
				GCC_WARN_UNDECLARED_SELECTOR = YES;
				GCC_WARN_UNINITIALIZED_AUTOS = YES_AGGRESSIVE;
				GCC_WARN_UNUSED_FUNCTION = YES;
				GCC_WARN_UNUSED_VARIABLE = YES;
				INFOPLIST_FILE = SwiftSDK/Info.plist;
				INSTALL_PATH = "$(LOCAL_LIBRARY_DIR)/Frameworks";
				IPHONEOS_DEPLOYMENT_TARGET = 8.0;
				LD_RUNPATH_SEARCH_PATHS = (
					"$(inherited)",
					"@executable_path/Frameworks",
					"@loader_path/Frameworks",
				);
				MTL_ENABLE_DEBUG_INFO = NO;
				MTL_FAST_MATH = YES;
				PRODUCT_BUNDLE_IDENTIFIER = com.Backendless.SwiftSDK;
				PRODUCT_NAME = "${PROJECT_NAME}";
				SDKROOT = iphoneos;
				SKIP_INSTALL = YES;
				SWIFT_COMPILATION_MODE = wholemodule;
				SWIFT_OPTIMIZATION_LEVEL = "-O";
				SWIFT_VERSION = 4.2;
				TARGETED_DEVICE_FAMILY = "1,2";
				VALIDATE_PRODUCT = YES;
				VERSIONING_SYSTEM = "apple-generic";
				VERSION_INFO_PREFIX = "";
			};
			name = Release;
		};
		5E9C573C21AEEA0400877870 /* Debug */ = {
			isa = XCBuildConfiguration;
			baseConfigurationReference = B6B654B2B26601D8872ECE6E /* Pods-SwiftSDKTests.debug.xcconfig */;
			buildSettings = {
				ALWAYS_EMBED_SWIFT_STANDARD_LIBRARIES = "$(inherited)";
				ALWAYS_SEARCH_USER_PATHS = NO;
				CLANG_ANALYZER_NONNULL = YES;
				CLANG_ANALYZER_NUMBER_OBJECT_CONVERSION = YES_AGGRESSIVE;
				CLANG_CXX_LANGUAGE_STANDARD = "gnu++14";
				CLANG_CXX_LIBRARY = "libc++";
				CLANG_ENABLE_MODULES = YES;
				CLANG_ENABLE_OBJC_ARC = YES;
				CLANG_ENABLE_OBJC_WEAK = YES;
				CLANG_WARN_BLOCK_CAPTURE_AUTORELEASING = YES;
				CLANG_WARN_BOOL_CONVERSION = YES;
				CLANG_WARN_COMMA = YES;
				CLANG_WARN_CONSTANT_CONVERSION = YES;
				CLANG_WARN_DEPRECATED_OBJC_IMPLEMENTATIONS = YES;
				CLANG_WARN_DIRECT_OBJC_ISA_USAGE = YES_ERROR;
				CLANG_WARN_DOCUMENTATION_COMMENTS = YES;
				CLANG_WARN_EMPTY_BODY = YES;
				CLANG_WARN_ENUM_CONVERSION = YES;
				CLANG_WARN_INFINITE_RECURSION = YES;
				CLANG_WARN_INT_CONVERSION = YES;
				CLANG_WARN_NON_LITERAL_NULL_CONVERSION = YES;
				CLANG_WARN_OBJC_IMPLICIT_RETAIN_SELF = YES;
				CLANG_WARN_OBJC_LITERAL_CONVERSION = YES;
				CLANG_WARN_OBJC_ROOT_CLASS = YES_ERROR;
				CLANG_WARN_RANGE_LOOP_ANALYSIS = YES;
				CLANG_WARN_STRICT_PROTOTYPES = YES;
				CLANG_WARN_SUSPICIOUS_MOVE = YES;
				CLANG_WARN_UNGUARDED_AVAILABILITY = YES_AGGRESSIVE;
				CLANG_WARN_UNREACHABLE_CODE = YES;
				CLANG_WARN__DUPLICATE_METHOD_MATCH = YES;
				CODE_SIGN_IDENTITY = "iPhone Developer";
				CODE_SIGN_STYLE = Automatic;
				COPY_PHASE_STRIP = NO;
				DEBUG_INFORMATION_FORMAT = dwarf;
				DEVELOPMENT_TEAM = 73FSJC7BUF;
				ENABLE_STRICT_OBJC_MSGSEND = YES;
				ENABLE_TESTABILITY = YES;
				GCC_C_LANGUAGE_STANDARD = gnu11;
				GCC_DYNAMIC_NO_PIC = NO;
				GCC_NO_COMMON_BLOCKS = YES;
				GCC_OPTIMIZATION_LEVEL = 0;
				GCC_PREPROCESSOR_DEFINITIONS = (
					"DEBUG=1",
					"$(inherited)",
				);
				GCC_WARN_64_TO_32_BIT_CONVERSION = YES;
				GCC_WARN_ABOUT_RETURN_TYPE = YES_ERROR;
				GCC_WARN_UNDECLARED_SELECTOR = YES;
				GCC_WARN_UNINITIALIZED_AUTOS = YES_AGGRESSIVE;
				GCC_WARN_UNUSED_FUNCTION = YES;
				GCC_WARN_UNUSED_VARIABLE = YES;
				INFOPLIST_FILE = Tests/SwiftSDKTests/Info.plist;
				IPHONEOS_DEPLOYMENT_TARGET = 12.1;
				LD_RUNPATH_SEARCH_PATHS = (
					"$(inherited)",
					"@executable_path/Frameworks",
					"@loader_path/Frameworks",
				);
				MTL_ENABLE_DEBUG_INFO = INCLUDE_SOURCE;
				MTL_FAST_MATH = YES;
				ONLY_ACTIVE_ARCH = YES;
				PRODUCT_BUNDLE_IDENTIFIER = com.Backendless.SwiftSDKTests;
				PRODUCT_NAME = "$(TARGET_NAME)";
				SDKROOT = iphoneos;
				SWIFT_ACTIVE_COMPILATION_CONDITIONS = DEBUG;
				SWIFT_OPTIMIZATION_LEVEL = "-Onone";
				SWIFT_VERSION = 4.2;
				TARGETED_DEVICE_FAMILY = "1,2";
			};
			name = Debug;
		};
		5E9C573D21AEEA0400877870 /* Release */ = {
			isa = XCBuildConfiguration;
			baseConfigurationReference = 8719E73BC42A4BAC496A289B /* Pods-SwiftSDKTests.release.xcconfig */;
			buildSettings = {
				ALWAYS_EMBED_SWIFT_STANDARD_LIBRARIES = "$(inherited)";
				ALWAYS_SEARCH_USER_PATHS = NO;
				CLANG_ANALYZER_NONNULL = YES;
				CLANG_ANALYZER_NUMBER_OBJECT_CONVERSION = YES_AGGRESSIVE;
				CLANG_CXX_LANGUAGE_STANDARD = "gnu++14";
				CLANG_CXX_LIBRARY = "libc++";
				CLANG_ENABLE_MODULES = YES;
				CLANG_ENABLE_OBJC_ARC = YES;
				CLANG_ENABLE_OBJC_WEAK = YES;
				CLANG_WARN_BLOCK_CAPTURE_AUTORELEASING = YES;
				CLANG_WARN_BOOL_CONVERSION = YES;
				CLANG_WARN_COMMA = YES;
				CLANG_WARN_CONSTANT_CONVERSION = YES;
				CLANG_WARN_DEPRECATED_OBJC_IMPLEMENTATIONS = YES;
				CLANG_WARN_DIRECT_OBJC_ISA_USAGE = YES_ERROR;
				CLANG_WARN_DOCUMENTATION_COMMENTS = YES;
				CLANG_WARN_EMPTY_BODY = YES;
				CLANG_WARN_ENUM_CONVERSION = YES;
				CLANG_WARN_INFINITE_RECURSION = YES;
				CLANG_WARN_INT_CONVERSION = YES;
				CLANG_WARN_NON_LITERAL_NULL_CONVERSION = YES;
				CLANG_WARN_OBJC_IMPLICIT_RETAIN_SELF = YES;
				CLANG_WARN_OBJC_LITERAL_CONVERSION = YES;
				CLANG_WARN_OBJC_ROOT_CLASS = YES_ERROR;
				CLANG_WARN_RANGE_LOOP_ANALYSIS = YES;
				CLANG_WARN_STRICT_PROTOTYPES = YES;
				CLANG_WARN_SUSPICIOUS_MOVE = YES;
				CLANG_WARN_UNGUARDED_AVAILABILITY = YES_AGGRESSIVE;
				CLANG_WARN_UNREACHABLE_CODE = YES;
				CLANG_WARN__DUPLICATE_METHOD_MATCH = YES;
				CODE_SIGN_IDENTITY = "iPhone Developer";
				CODE_SIGN_STYLE = Automatic;
				COPY_PHASE_STRIP = NO;
				DEBUG_INFORMATION_FORMAT = "dwarf-with-dsym";
				DEVELOPMENT_TEAM = 73FSJC7BUF;
				ENABLE_NS_ASSERTIONS = NO;
				ENABLE_STRICT_OBJC_MSGSEND = YES;
				GCC_C_LANGUAGE_STANDARD = gnu11;
				GCC_NO_COMMON_BLOCKS = YES;
				GCC_WARN_64_TO_32_BIT_CONVERSION = YES;
				GCC_WARN_ABOUT_RETURN_TYPE = YES_ERROR;
				GCC_WARN_UNDECLARED_SELECTOR = YES;
				GCC_WARN_UNINITIALIZED_AUTOS = YES_AGGRESSIVE;
				GCC_WARN_UNUSED_FUNCTION = YES;
				GCC_WARN_UNUSED_VARIABLE = YES;
				INFOPLIST_FILE = Tests/SwiftSDKTests/Info.plist;
				IPHONEOS_DEPLOYMENT_TARGET = 12.1;
				LD_RUNPATH_SEARCH_PATHS = (
					"$(inherited)",
					"@executable_path/Frameworks",
					"@loader_path/Frameworks",
				);
				MTL_ENABLE_DEBUG_INFO = NO;
				MTL_FAST_MATH = YES;
				PRODUCT_BUNDLE_IDENTIFIER = com.Backendless.SwiftSDKTests;
				PRODUCT_NAME = "$(TARGET_NAME)";
				SDKROOT = iphoneos;
				SWIFT_COMPILATION_MODE = wholemodule;
				SWIFT_OPTIMIZATION_LEVEL = "-O";
				SWIFT_VERSION = 4.2;
				TARGETED_DEVICE_FAMILY = "1,2";
				VALIDATE_PRODUCT = YES;
			};
			name = Release;
		};
		5EAA649F21AEDBEA006019EF /* Debug */ = {
			isa = XCBuildConfiguration;
			buildSettings = {
				CLANG_WARN_BLOCK_CAPTURE_AUTORELEASING = YES;
				CLANG_WARN_BOOL_CONVERSION = YES;
				CLANG_WARN_COMMA = YES;
				CLANG_WARN_CONSTANT_CONVERSION = YES;
				CLANG_WARN_DEPRECATED_OBJC_IMPLEMENTATIONS = YES;
				CLANG_WARN_EMPTY_BODY = YES;
				CLANG_WARN_ENUM_CONVERSION = YES;
				CLANG_WARN_INFINITE_RECURSION = YES;
				CLANG_WARN_INT_CONVERSION = YES;
				CLANG_WARN_NON_LITERAL_NULL_CONVERSION = YES;
				CLANG_WARN_OBJC_IMPLICIT_RETAIN_SELF = YES;
				CLANG_WARN_OBJC_LITERAL_CONVERSION = YES;
				CLANG_WARN_RANGE_LOOP_ANALYSIS = YES;
				CLANG_WARN_STRICT_PROTOTYPES = YES;
				CLANG_WARN_SUSPICIOUS_MOVE = YES;
				CLANG_WARN_UNREACHABLE_CODE = YES;
				CLANG_WARN__DUPLICATE_METHOD_MATCH = YES;
				ENABLE_STRICT_OBJC_MSGSEND = YES;
				ENABLE_TESTABILITY = YES;
				GCC_NO_COMMON_BLOCKS = YES;
				GCC_WARN_64_TO_32_BIT_CONVERSION = YES;
				GCC_WARN_ABOUT_RETURN_TYPE = YES;
				GCC_WARN_UNDECLARED_SELECTOR = YES;
				GCC_WARN_UNINITIALIZED_AUTOS = YES;
				GCC_WARN_UNUSED_FUNCTION = YES;
				GCC_WARN_UNUSED_VARIABLE = YES;
				ONLY_ACTIVE_ARCH = YES;
			};
			name = Debug;
		};
		5EAA64A021AEDBEA006019EF /* Release */ = {
			isa = XCBuildConfiguration;
			buildSettings = {
				CLANG_WARN_BLOCK_CAPTURE_AUTORELEASING = YES;
				CLANG_WARN_BOOL_CONVERSION = YES;
				CLANG_WARN_COMMA = YES;
				CLANG_WARN_CONSTANT_CONVERSION = YES;
				CLANG_WARN_DEPRECATED_OBJC_IMPLEMENTATIONS = YES;
				CLANG_WARN_EMPTY_BODY = YES;
				CLANG_WARN_ENUM_CONVERSION = YES;
				CLANG_WARN_INFINITE_RECURSION = YES;
				CLANG_WARN_INT_CONVERSION = YES;
				CLANG_WARN_NON_LITERAL_NULL_CONVERSION = YES;
				CLANG_WARN_OBJC_IMPLICIT_RETAIN_SELF = YES;
				CLANG_WARN_OBJC_LITERAL_CONVERSION = YES;
				CLANG_WARN_RANGE_LOOP_ANALYSIS = YES;
				CLANG_WARN_STRICT_PROTOTYPES = YES;
				CLANG_WARN_SUSPICIOUS_MOVE = YES;
				CLANG_WARN_UNREACHABLE_CODE = YES;
				CLANG_WARN__DUPLICATE_METHOD_MATCH = YES;
				ENABLE_STRICT_OBJC_MSGSEND = YES;
				GCC_NO_COMMON_BLOCKS = YES;
				GCC_WARN_64_TO_32_BIT_CONVERSION = YES;
				GCC_WARN_ABOUT_RETURN_TYPE = YES;
				GCC_WARN_UNDECLARED_SELECTOR = YES;
				GCC_WARN_UNINITIALIZED_AUTOS = YES;
				GCC_WARN_UNUSED_FUNCTION = YES;
				GCC_WARN_UNUSED_VARIABLE = YES;
				SWIFT_COMPILATION_MODE = wholemodule;
			};
			name = Release;
		};
/* End XCBuildConfiguration section */

/* Begin XCConfigurationList section */
		5E9C573E21AEEA0400877870 /* Build configuration list for PBXNativeTarget "SwiftSDK" */ = {
			isa = XCConfigurationList;
			buildConfigurations = (
				5E9C573A21AEEA0400877870 /* Debug */,
				5E9C573B21AEEA0400877870 /* Release */,
			);
			defaultConfigurationIsVisible = 0;
			defaultConfigurationName = Release;
		};
		5E9C573F21AEEA0400877870 /* Build configuration list for PBXNativeTarget "SwiftSDKTests" */ = {
			isa = XCConfigurationList;
			buildConfigurations = (
				5E9C573C21AEEA0400877870 /* Debug */,
				5E9C573D21AEEA0400877870 /* Release */,
			);
			defaultConfigurationIsVisible = 0;
			defaultConfigurationName = Release;
		};
		5EAA649E21AEDBEA006019EF /* Build configuration list for PBXProject "SwiftSDK" */ = {
			isa = XCConfigurationList;
			buildConfigurations = (
				5EAA649F21AEDBEA006019EF /* Debug */,
				5EAA64A021AEDBEA006019EF /* Release */,
			);
			defaultConfigurationIsVisible = 0;
			defaultConfigurationName = Release;
		};
/* End XCConfigurationList section */
	};
	rootObject = 5EAA649B21AEDBEA006019EF /* Project object */;
}
